
Microsoft Visual Studio Solution File, Format Version 12.00
# Visual Studio 15
VisualStudioVersion = 15.0.26730.10
MinimumVisualStudioVersion = 10.0.40219.1
Project("{FAE04EC0-301F-11D3-BF4B-00C04F79EFBC}") = "LinkStation10", "LinkStation10\LinkStation10.csproj", "{3E569B71-A497-42C6-8456-3EA4330772C2}"
EndProject
Project("{2150E333-8FDC-42A3-9474-1A3956D46DE8}") = "Extra Files", "Extra Files", "{6154FA13-F5FB-44E4-BF2A-B0CA8566B157}"
EndProject
Project("{FAE04EC0-301F-11D3-BF4B-00C04F79EFBC}") = "TestConsole", "TestConsole\TestConsole.csproj", "{1125BB5A-4122-4E9C-ADEA-B32A71377159}"
EndProject
Project("{FAE04EC0-301F-11D3-BF4B-00C04F79EFBC}") = "LinkStation10.Common", "LinkStation10.Common\LinkStation10.Common.csproj", "{7802F362-1F0D-49AD-A480-7A229AA0905F}"
EndProject
Global
	GlobalSection(SolutionConfigurationPlatforms) = preSolution
		Debug|Any CPU = Debug|Any CPU
		Release|Any CPU = Release|Any CPU
	EndGlobalSection
	GlobalSection(ProjectConfigurationPlatforms) = postSolution
		{3E569B71-A497-42C6-8456-3EA4330772C2}.Debug|Any CPU.ActiveCfg = Debug|Any CPU
		{3E569B71-A497-42C6-8456-3EA4330772C2}.Debug|Any CPU.Build.0 = Debug|Any CPU
		{3E569B71-A497-42C6-8456-3EA4330772C2}.Release|Any CPU.ActiveCfg = Release|Any CPU
		{3E569B71-A497-42C6-8456-3EA4330772C2}.Release|Any CPU.Build.0 = Release|Any CPU
		{1125BB5A-4122-4E9C-ADEA-B32A71377159}.Debug|Any CPU.ActiveCfg = Debug|Any CPU
		{1125BB5A-4122-4E9C-ADEA-B32A71377159}.Debug|Any CPU.Build.0 = Debug|Any CPU
		{1125BB5A-4122-4E9C-ADEA-B32A71377159}.Release|Any CPU.ActiveCfg = Release|Any CPU
		{1125BB5A-4122-4E9C-ADEA-B32A71377159}.Release|Any CPU.Build.0 = Release|Any CPU
		{7802F362-1F0D-49AD-A480-7A229AA0905F}.Debug|Any CPU.ActiveCfg = Debug|Any CPU
		{7802F362-1F0D-49AD-A480-7A229AA0905F}.Debug|Any CPU.Build.0 = Debug|Any CPU
		{7802F362-1F0D-49AD-A480-7A229AA0905F}.Release|Any CPU.ActiveCfg = Release|Any CPU
		{7802F362-1F0D-49AD-A480-7A229AA0905F}.Release|Any CPU.Build.0 = Release|Any CPU
	EndGlobalSection
	GlobalSection(SolutionProperties) = preSolution
		HideSolutionNode = FALSE
	EndGlobalSection
	GlobalSection(ExtensibilityGlobals) = postSolution
		SolutionGuid = {A70C46BB-5B4B-4D7B-99AB-24DCBE13FBBA}
	EndGlobalSection
EndGlobal
